Microsoft Visual Studio Solution File, Format Version 12.00
# Visual Studio Version 17
VisualStudioVersion = 17.5.2.0
MinimumVisualStudioVersion = 10.0.40219.1
Project("{FAE04EC0-301F-11D3-BF4B-00C04F79EFBC}") = "MinhasFinancas.Tests.Api", "MinhasFinancas.Tests.Api.csproj", "{817D5B81-5AA3-39D4-81F0-8C8CC5AC64B6}"
EndProject
Global
	GlobalSection(SolutionConfigurationPlatforms) = preSolution
		Debug|Any CPU = Debug|Any CPU
		Release|Any CPU = Release|Any CPU
	EndGlobalSection
	GlobalSection(ProjectConfigurationPlatforms) = postSolution
		{817D5B81-5AA3-39D4-81F0-8C8CC5AC64B6}.Debug|Any CPU.ActiveCfg = Debug|Any CPU
		{817D5B81-5AA3-39D4-81F0-8C8CC5AC64B6}.Debug|Any CPU.Build.0 = Debug|Any CPU
		{817D5B81-5AA3-39D4-81F0-8C8CC5AC64B6}.Release|Any CPU.ActiveCfg = Release|Any CPU
		{817D5B81-5AA3-39D4-81F0-8C8CC5AC64B6}.Release|Any CPU.Build.0 = Release|Any CPU
	EndGlobalSection
	GlobalSection(SolutionProperties) = preSolution
		HideSolutionNode = FALSE
	EndGlobalSection
	GlobalSection(ExtensibilityGlobals) = postSolution
		SolutionGuid = {1D5D41DD-2A8F-42D7-966A-4494159254DC}
	EndGlobalSection
EndGlobal
